
Microsoft Visual Studio Solution File, Format Version 12.00
# Visual Studio Version 17
VisualStudioVersion = 17.8.34330.188
MinimumVisualStudioVersion = 10.0.40219.1
Project("{FAE04EC0-301F-11D3-BF4B-00C04F79EFBC}") = "CommonWeatherApp", "CommonWeatherApp\CommonWeatherApp.csproj", "{F5E3410F-11A8-47AF-9C78-E7D36491BD4C}"
EndProject
Global
	GlobalSection(SolutionConfigurationPlatforms) = preSolution
		Debug|Any CPU = Debug|Any CPU
		Release|Any CPU = Release|Any CPU
	EndGlobalSection
	GlobalSection(ProjectConfigurationPlatforms) = postSolution
		{F5E3410F-11A8-47AF-9C78-E7D36491BD4C}.Debug|Any CPU.ActiveCfg = Debug|Any CPU
		{F5E3410F-11A8-47AF-9C78-E7D36491BD4C}.Debug|Any CPU.Build.0 = Debug|Any CPU
		{F5E3410F-11A8-47AF-9C78-E7D36491BD4C}.Debug|Any CPU.Deploy.0 = Debug|Any CPU
		{F5E3410F-11A8-47AF-9C78-E7D36491BD4C}.Release|Any CPU.ActiveCfg = Release|Any CPU
		{F5E3410F-11A8-47AF-9C78-E7D36491BD4C}.Release|Any CPU.Build.0 = Release|Any CPU
		{F5E3410F-11A8-47AF-9C78-E7D36491BD4C}.Release|Any CPU.Deploy.0 = Release|Any CPU
	EndGlobalSection
	GlobalSection(SolutionProperties) = preSolution
		HideSolutionNode = FALSE
	EndGlobalSection
	GlobalSection(ExtensibilityGlobals) = postSolution
		SolutionGuid = {78E06D93-6E72-471C-8924-A1A1A55CF89D}
	EndGlobalSection
EndGlobal
